
Microsoft Visual Studio Solution File, Format Version 12.00
# Visual Studio Version 17
VisualStudioVersion = 17.0.31601.41
MinimumVisualStudioVersion = 10.0.40219.1
Project("{9A19103F-16F7-4668-BE54-9A1E7A4F7556}") = "SideBySide.WebApi", "SideBySide.WebApi\SideBySide.WebApi.csproj", "{57B1B67B-B61B-44DD-985C-22DE9DEDC8F8}"
EndProject
Project("{9A19103F-16F7-4668-BE54-9A1E7A4F7556}") = "SideBySide.Shared", "SideBySide.Shared\SideBySide.Shared.csproj", "{1D08A6DA-8752-4A23-AEBB-A6242475F8B1}"
EndProject
Project("{FAE04EC0-301F-11D3-BF4B-00C04F79EFBC}") = "SideBySide.Minimal", "SideBySide.Minimal\SideBySide.Minimal.csproj", "{247CC11B-C981-43AF-8D7E-607632C13D9F}"
EndProject
Global
	GlobalSection(SolutionConfigurationPlatforms) = preSolution
		Debug|Any CPU = Debug|Any CPU
		Release|Any CPU = Release|Any CPU
	EndGlobalSection
	GlobalSection(ProjectConfigurationPlatforms) = postSolution
		{57B1B67B-B61B-44DD-985C-22DE9DEDC8F8}.Debug|Any CPU.ActiveCfg = Debug|Any CPU
		{57B1B67B-B61B-44DD-985C-22DE9DEDC8F8}.Debug|Any CPU.Build.0 = Debug|Any CPU
		{57B1B67B-B61B-44DD-985C-22DE9DEDC8F8}.Release|Any CPU.ActiveCfg = Release|Any CPU
		{57B1B67B-B61B-44DD-985C-22DE9DEDC8F8}.Release|Any CPU.Build.0 = Release|Any CPU
		{1D08A6DA-8752-4A23-AEBB-A6242475F8B1}.Debug|Any CPU.ActiveCfg = Debug|Any CPU
		{1D08A6DA-8752-4A23-AEBB-A6242475F8B1}.Debug|Any CPU.Build.0 = Debug|Any CPU
		{1D08A6DA-8752-4A23-AEBB-A6242475F8B1}.Release|Any CPU.ActiveCfg = Release|Any CPU
		{1D08A6DA-8752-4A23-AEBB-A6242475F8B1}.Release|Any CPU.Build.0 = Release|Any CPU
		{247CC11B-C981-43AF-8D7E-607632C13D9F}.Debug|Any CPU.ActiveCfg = Debug|Any CPU
		{247CC11B-C981-43AF-8D7E-607632C13D9F}.Debug|Any CPU.Build.0 = Debug|Any CPU
		{247CC11B-C981-43AF-8D7E-607632C13D9F}.Release|Any CPU.ActiveCfg = Release|Any CPU
		{247CC11B-C981-43AF-8D7E-607632C13D9F}.Release|Any CPU.Build.0 = Release|Any CPU
	EndGlobalSection
	GlobalSection(SolutionProperties) = preSolution
		HideSolutionNode = FALSE
	EndGlobalSection
	GlobalSection(ExtensibilityGlobals) = postSolution
		SolutionGuid = {790336A2-766F-4560-99FD-17B7AA4D9E1E}
	EndGlobalSection
EndGlobal
